<?xml version="1.0" encoding="UTF-8" standalone="yes" ?>
<CodeBlocks_project_file>
	<FileVersion major="1" minor="6" />
	<Project>
		<Option title="Data strutuce" />
		<Option pch_mode="2" />
		<Option compiler="gcc" />
		<Build>
			<Target title="Debug">
				<Option output="bin/Debug/Data strutuce" prefix_auto="1" extension_auto="1" />
				<Option object_output="obj/Debug/" />
				<Option type="1" />
				<Option compiler="gcc" />
				<Compiler>
					<Add option="-g" />
				</Compiler>
			</Target>
			<Target title="Release">
				<Option output="bin/Release/Data strutuce" prefix_auto="1" extension_auto="1" />
				<Option object_output="obj/Release/" />
				<Option type="1" />
				<Option compiler="gcc" />
				<Compiler>
					<Add option="-O2" />
				</Compiler>
				<Linker>
					<Add option="-s" />
				</Linker>
			</Target>
		</Build>
		<Compiler>
			<Add option="-Wall" />
		</Compiler>
		<Unit filename="C programming.c">
			<Option compilerVar="CC" />
		</Unit>
		<Unit filename="Untitled1.c">
			<Option compilerVar="CC" />
		</Unit>
		<Unit filename="array positions.c">
			<Option compilerVar="CC" />
		</Unit>
		<Unit filename="ascending order bubble sort.c">
			<Option compilerVar="CC" />
		</Unit>
		<Unit filename="binary element.c">
			<Option compilerVar="CC" />
		</Unit>
		<Unit filename="delete array position.c">
			<Option compilerVar="CC" />
		</Unit>
		<Unit filename="insert in array.c">
			<Option compilerVar="CC" />
		</Unit>
		<Unit filename="linear search.c">
			<Option compilerVar="CC" />
		</Unit>
		<Extensions>
			<lib_finder disable_auto="1" />
		</Extensions>
	</Project>
</CodeBlocks_project_file>
